+ *.zarr/.zgroup
+ *.zarr/.zattrs
+ *.zarr/.zmetadata
+ *.zarr/longitude/**
+ *.zarr/latitude/**
+ *.zarr/time/**
+ *.zarr/swh/
+ *.zarr/swh/.zarray
+ *.zarr/swh/.zattrs
+ *.zarr/swh/0.0.0
+ *.zarr/u/
+ *.zarr/u/.zarray
+ *.zarr/u/.zattrs
+ *.zarr/u/0.0.0
+ *.zarr/v/
+ *.zarr/v/.zarray
+ *.zarr/v/.zattrs
+ *.zarr/v/0.0.0
- **